cloud.google.com/go/functions v1.16.6 h1:tPe3/48RpjcFk96VeB6jOKQpK8nliGJLsgjh6pUOyFQ=
cloud.google.com/go/functions v1.16.6/go.mod h1:wOzZakhMueNQaBUJdf0yjsJIe0GBRu+ZTvdSTzqHLs0=
github.com/GoogleCloudPlatform/functions-framework-go v1.9.0 h1:Fq0sKuCyyFFVFm1r6fEQJ4TRnbbhXP9Q6MEUX+UAd/0=
github.com/GoogleCloudPlatform/functions-framework-go v1.9.0/go.mod h1:8Ww7VHPCGKqCfZOCT9INIiakNgGQPGRfL4U4yy5F5Kc=
